
Microsoft Visual Studio Solution File, Format Version 12.00
# Visual Studio Version 16
VisualStudioVersion = 16.0.29509.3
MinimumVisualStudioVersion = 10.0.40219.1
Project("{FAE04EC0-301F-11D3-BF4B-00C04F79EFBC}") = "System-Controle", "System-Controle\System-Controle.csproj", "{3748FA9C-8145-4289-9AEB-CD0E68741C78}"
EndProject
Global
	GlobalSection(SolutionConfigurationPlatforms) = preSolution
		Debug|Any CPU = Debug|Any CPU
		Release|Any CPU = Release|Any CPU
	EndGlobalSection
	GlobalSection(ProjectConfigurationPlatforms) = postSolution
		{3748FA9C-8145-4289-9AEB-CD0E68741C78}.Debug|Any CPU.ActiveCfg = Debug|Any CPU
		{3748FA9C-8145-4289-9AEB-CD0E68741C78}.Debug|Any CPU.Build.0 = Debug|Any CPU
		{3748FA9C-8145-4289-9AEB-CD0E68741C78}.Release|Any CPU.ActiveCfg = Release|Any CPU
		{3748FA9C-8145-4289-9AEB-CD0E68741C78}.Release|Any CPU.Build.0 = Release|Any CPU
	EndGlobalSection
	GlobalSection(SolutionProperties) = preSolution
		HideSolutionNode = FALSE
	EndGlobalSection
	GlobalSection(ExtensibilityGlobals) = postSolution
		SolutionGuid = {EE7090AE-EA1A-4372-82B3-219CE4D704FB}
	EndGlobalSection
EndGlobal
